
Microsoft Visual Studio Solution File, Format Version 12.00
# Visual Studio Version 16
VisualStudioVersion = 16.0.31702.278
MinimumVisualStudioVersion = 10.0.40219.1
Project("{FAE04EC0-301F-11D3-BF4B-00C04F79EFBC}") = "CRUD Product", "CRUD Product\CRUD Product.csproj", "{A1CCDF70-B038-4FF3-87CF-17A5FCEA3F18}"
EndProject
Global
	GlobalSection(SolutionConfigurationPlatforms) = preSolution
		Debug|Any CPU = Debug|Any CPU
		Release|Any CPU = Release|Any CPU
	EndGlobalSection
	GlobalSection(ProjectConfigurationPlatforms) = postSolution
		{A1CCDF70-B038-4FF3-87CF-17A5FCEA3F18}.Debug|Any CPU.ActiveCfg = Debug|Any CPU
		{A1CCDF70-B038-4FF3-87CF-17A5FCEA3F18}.Debug|Any CPU.Build.0 = Debug|Any CPU
		{A1CCDF70-B038-4FF3-87CF-17A5FCEA3F18}.Release|Any CPU.ActiveCfg = Release|Any CPU
		{A1CCDF70-B038-4FF3-87CF-17A5FCEA3F18}.Release|Any CPU.Build.0 = Release|Any CPU
	EndGlobalSection
	GlobalSection(SolutionProperties) = preSolution
		HideSolutionNode = FALSE
	EndGlobalSection
	GlobalSection(ExtensibilityGlobals) = postSolution
		SolutionGuid = {F0C0F8F1-CD9A-4582-B555-08B66A91173E}
	EndGlobalSection
EndGlobal
