
Microsoft Visual Studio Solution File, Format Version 12.00
# Visual Studio Version 16
VisualStudioVersion = 16.0.31702.278
MinimumVisualStudioVersion = 10.0.40219.1
Project("{FAE04EC0-301F-11D3-BF4B-00C04F79EFBC}") = "Shop Management", "Shop Management\Shop Management.csproj", "{86121C89-F997-4D98-B565-F91AA46EF046}"
EndProject
Global
	GlobalSection(SolutionConfigurationPlatforms) = preSolution
		Debug|Any CPU = Debug|Any CPU
		Release|Any CPU = Release|Any CPU
	EndGlobalSection
	GlobalSection(ProjectConfigurationPlatforms) = postSolution
		{86121C89-F997-4D98-B565-F91AA46EF046}.Debug|Any CPU.ActiveCfg = Debug|Any CPU
		{86121C89-F997-4D98-B565-F91AA46EF046}.Debug|Any CPU.Build.0 = Debug|Any CPU
		{86121C89-F997-4D98-B565-F91AA46EF046}.Release|Any CPU.ActiveCfg = Release|Any CPU
		{86121C89-F997-4D98-B565-F91AA46EF046}.Release|Any CPU.Build.0 = Release|Any CPU
	EndGlobalSection
	GlobalSection(SolutionProperties) = preSolution
		HideSolutionNode = FALSE
	EndGlobalSection
	GlobalSection(ExtensibilityGlobals) = postSolution
		SolutionGuid = {0F033002-3F7C-4E00-A1FD-239CAA6B3016}
	EndGlobalSection
EndGlobal
